
Microsoft Visual Studio Solution File, Format Version 12.00
Project("{FAE04EC0-301F-11D3-BF4B-00C04F79EFBC}") = "Atlas", "Atlas\Atlas.csproj", "{2B79C12D-9A0A-486F-88EB-9676905BD530}"
EndProject
Project("{FAE04EC0-301F-11D3-BF4B-00C04F79EFBC}") = "Atlas.Tests", "Atlas.Tests\Atlas.Tests.csproj", "{2B332D71-4B4A-4FA2-B8F0-F536E7332176}"
EndProject
Global
	GlobalSection(SolutionConfigurationPlatforms) = preSolution
		Debug|Any CPU = Debug|Any CPU
		Release|Any CPU = Release|Any CPU
	EndGlobalSection
	GlobalSection(ProjectConfigurationPlatforms) = postSolution
		{2B79C12D-9A0A-486F-88EB-9676905BD530}.Debug|Any CPU.ActiveCfg = Debug|Any CPU
		{2B79C12D-9A0A-486F-88EB-9676905BD530}.Debug|Any CPU.Build.0 = Debug|Any CPU
		{2B79C12D-9A0A-486F-88EB-9676905BD530}.Release|Any CPU.ActiveCfg = Release|Any CPU
		{2B79C12D-9A0A-486F-88EB-9676905BD530}.Release|Any CPU.Build.0 = Release|Any CPU
		{2B332D71-4B4A-4FA2-B8F0-F536E7332176}.Debug|Any CPU.ActiveCfg = Debug|Any CPU
		{2B332D71-4B4A-4FA2-B8F0-F536E7332176}.Debug|Any CPU.Build.0 = Debug|Any CPU
		{2B332D71-4B4A-4FA2-B8F0-F536E7332176}.Release|Any CPU.ActiveCfg = Release|Any CPU
		{2B332D71-4B4A-4FA2-B8F0-F536E7332176}.Release|Any CPU.Build.0 = Release|Any CPU
	EndGlobalSection
EndGlobal
